
Microsoft Visual Studio Solution File, Format Version 12.00
# Visual Studio Version 17
VisualStudioVersion = 17.10.34928.147
MinimumVisualStudioVersion = 10.0.40219.1
Project("{888888A0-9F3D-457C-B088-3A5042F75D52}") = "password generator", "password generator\password generator.pyproj", "{E2D9F15D-D7AC-456E-A1CB-2E4CDD875F9B}"
EndProject
Global
	GlobalSection(SolutionConfigurationPlatforms) = preSolution
		Debug|Any CPU = Debug|Any CPU
		Release|Any CPU = Release|Any CPU
	EndGlobalSection
	GlobalSection(ProjectConfigurationPlatforms) = postSolution
		{E2D9F15D-D7AC-456E-A1CB-2E4CDD875F9B}.Debug|Any CPU.ActiveCfg = Debug|Any CPU
		{E2D9F15D-D7AC-456E-A1CB-2E4CDD875F9B}.Release|Any CPU.ActiveCfg = Release|Any CPU
	EndGlobalSection
	GlobalSection(SolutionProperties) = preSolution
		HideSolutionNode = FALSE
	EndGlobalSection
	GlobalSection(ExtensibilityGlobals) = postSolution
		SolutionGuid = {C303694F-B839-44A6-841D-9AD18703F0DB}
	EndGlobalSection
EndGlobal
